
Microsoft Visual Studio Solution File, Format Version 12.00
# Visual Studio Version 16
VisualStudioVersion = 16.0.29911.84
MinimumVisualStudioVersion = 10.0.40219.1
Project("{9A19103F-16F7-4668-BE54-9A1E7A4F7556}") = "TestDemo", "TestDemo\TestDemo.csproj", "{BEC5CAB7-66D3-4375-BFA9-25383048CA2F}"
EndProject
Project("{9A19103F-16F7-4668-BE54-9A1E7A4F7556}") = "SampleTest", "SampleTest\SampleTest.csproj", "{20CF1F88-0F8D-4098-AD97-DC9F40DE5607}"
EndProject
Project("{9A19103F-16F7-4668-BE54-9A1E7A4F7556}") = "TestDemoTests", "TestDemoTests\TestDemoTests.csproj", "{5CA7F369-9601-4415-A76F-1B83F0934D47}"
EndProject
Global
	GlobalSection(SolutionConfigurationPlatforms) = preSolution
		Debug|Any CPU = Debug|Any CPU
		Release|Any CPU = Release|Any CPU
	EndGlobalSection
	GlobalSection(ProjectConfigurationPlatforms) = postSolution
		{BEC5CAB7-66D3-4375-BFA9-25383048CA2F}.Debug|Any CPU.ActiveCfg = Debug|Any CPU
		{BEC5CAB7-66D3-4375-BFA9-25383048CA2F}.Debug|Any CPU.Build.0 = Debug|Any CPU
		{BEC5CAB7-66D3-4375-BFA9-25383048CA2F}.Release|Any CPU.ActiveCfg = Release|Any CPU
		{BEC5CAB7-66D3-4375-BFA9-25383048CA2F}.Release|Any CPU.Build.0 = Release|Any CPU
		{20CF1F88-0F8D-4098-AD97-DC9F40DE5607}.Debug|Any CPU.ActiveCfg = Debug|Any CPU
		{20CF1F88-0F8D-4098-AD97-DC9F40DE5607}.Debug|Any CPU.Build.0 = Debug|Any CPU
		{20CF1F88-0F8D-4098-AD97-DC9F40DE5607}.Release|Any CPU.ActiveCfg = Release|Any CPU
		{20CF1F88-0F8D-4098-AD97-DC9F40DE5607}.Release|Any CPU.Build.0 = Release|Any CPU
		{5CA7F369-9601-4415-A76F-1B83F0934D47}.Debug|Any CPU.ActiveCfg = Debug|Any CPU
		{5CA7F369-9601-4415-A76F-1B83F0934D47}.Debug|Any CPU.Build.0 = Debug|Any CPU
		{5CA7F369-9601-4415-A76F-1B83F0934D47}.Release|Any CPU.ActiveCfg = Release|Any CPU
		{5CA7F369-9601-4415-A76F-1B83F0934D47}.Release|Any CPU.Build.0 = Release|Any CPU
	EndGlobalSection
	GlobalSection(SolutionProperties) = preSolution
		HideSolutionNode = FALSE
	EndGlobalSection
	GlobalSection(ExtensibilityGlobals) = postSolution
		SolutionGuid = {0AD8A307-5916-4E95-9E17-2F7815BAC1C4}
	EndGlobalSection
EndGlobal
